// !$*UTF8*$!
{
	archiveVersion = 1;
	classes = {
	};
	objectVersion = 46;
	objects = {

/* Begin PBXBuildFile section */
		1DC5BB5C1A37AA4400F8DA6F /* Images.xcassets in Resources */ = {isa = PBXBuildFile; fileRef = 1DC5BB5B1A37AA4400F8DA6F /* Images.xcassets */; };
		1DC5BB5F1A37AA4400F8DA6F /* LaunchScreen.xib in Resources */ = {isa = PBXBuildFile; fileRef = 1DC5BB5D1A37AA4400F8DA6F /* LaunchScreen.xib */; };
		1DC5BB6B1A37AA4500F8DA6F /* BioFarmTests.swift in Sources */ = {isa = PBXBuildFile; fileRef = 1DC5BB6A1A37AA4500F8DA6F /* BioFarmTests.swift */; };
		EB0AB83E1BA7501400C81521 /* AppDelegate.swift in Sources */ = {isa = PBXBuildFile; fileRef = EB0AB83D1BA7501400C81521 /* AppDelegate.swift */; };
		EB0AB8441BA7502400C81521 /* Event.swift in Sources */ = {isa = PBXBuildFile; fileRef = EB0AB8401BA7502400C81521 /* Event.swift */; };
		EB0AB8451BA7502400C81521 /* Farm.swift in Sources */ = {isa = PBXBuildFile; fileRef = EB0AB8411BA7502400C81521 /* Farm.swift */; };
		EB0AB8461BA7502400C81521 /* Farm_JV.swift in Sources */ = {isa = PBXBuildFile; fileRef = EB0AB8421BA7502400C81521 /* Farm_JV.swift */; };
		EB0AB8471BA7502400C81521 /* Land.swift in Sources */ = {isa = PBXBuildFile; fileRef = EB0AB8431BA7502400C81521 /* Land.swift */; };
		EB0AB8571BA7503600C81521 /* BarnInfoViewController.swift in Sources */ = {isa = PBXBuildFile; fileRef = EB0AB84B1BA7503600C81521 /* BarnInfoViewController.swift */; };
		EB0AB8581BA7503600C81521 /* BuyViewController.swift in Sources */ = {isa = PBXBuildFile; fileRef = EB0AB84C1BA7503600C81521 /* BuyViewController.swift */; };
		EB0AB8591BA7503600C81521 /* CropViewController.swift in Sources */ = {isa = PBXBuildFile; fileRef = EB0AB84D1BA7503600C81521 /* CropViewController.swift */; };
		EB0AB85A1BA7503600C81521 /* GameOverViewController.swift in Sources */ = {isa = PBXBuildFile; fileRef = EB0AB84E1BA7503600C81521 /* GameOverViewController.swift */; };
		EB0AB85B1BA7503600C81521 /* GameViewController.swift in Sources */ = {isa = PBXBuildFile; fileRef = EB0AB84F1BA7503600C81521 /* GameViewController.swift */; };
		EB0AB85C1BA7503600C81521 /* GoalViewController.swift in Sources */ = {isa = PBXBuildFile; fileRef = EB0AB8501BA7503600C81521 /* GoalViewController.swift */; };
		EB0AB85D1BA7503600C81521 /* OptionsViewController.swift in Sources */ = {isa = PBXBuildFile; fileRef = EB0AB8511BA7503600C81521 /* OptionsViewController.swift */; };
		EB0AB85E1BA7503600C81521 /* ResultsTableViewController.swift in Sources */ = {isa = PBXBuildFile; fileRef = EB0AB8521BA7503600C81521 /* ResultsTableViewController.swift */; };
		EB0AB85F1BA7503600C81521 /* TheBarnViewController.swift in Sources */ = {isa = PBXBuildFile; fileRef = EB0AB8531BA7503600C81521 /* TheBarnViewController.swift */; };
		EB0AB8601BA7503600C81521 /* ViewController.swift in Sources */ = {isa = PBXBuildFile; fileRef = EB0AB8541BA7503600C81521 /* ViewController.swift */; };
		EB0AB86C1BA7504000C81521 /* applause.mp3 in Resources */ = {isa = PBXBuildFile; fileRef = EB0AB8621BA7504000C81521 /* applause.mp3 */; };
		EB0AB86D1BA7504000C81521 /* Bug.mp3 in Resources */ = {isa = PBXBuildFile; fileRef = EB0AB8631BA7504000C81521 /* Bug.mp3 */; };
		EB0AB86E1BA7504000C81521 /* Car.mp3 in Resources */ = {isa = PBXBuildFile; fileRef = EB0AB8641BA7504000C81521 /* Car.mp3 */; };
		EB0AB86F1BA7504000C81521 /* Drankin Song.mp3 in Resources */ = {isa = PBXBuildFile; fileRef = EB0AB8651BA7504000C81521 /* Drankin Song.mp3 */; };
		EB0AB8701BA7504000C81521 /* Fire.mp3 in Resources */ = {isa = PBXBuildFile; fileRef = EB0AB8661BA7504000C81521 /* Fire.mp3 */; };
		EB0AB8711BA7504000C81521 /* Sunset.mp3 in Resources */ = {isa = PBXBuildFile; fileRef = EB0AB8671BA7504000C81521 /* Sunset.mp3 */; };
		EB0AB8721BA7504000C81521 /* Tornado.mp3 in Resources */ = {isa = PBXBuildFile; fileRef = EB0AB8681BA7504000C81521 /* Tornado.mp3 */; };
		EB0AB8731BA7504000C81521 /* UFO.mp3 in Resources */ = {isa = PBXBuildFile; fileRef = EB0AB8691BA7504000C81521 /* UFO.mp3 */; };
		EB0AB8741BA7504000C81521 /* Water.mp3 in Resources */ = {isa = PBXBuildFile; fileRef = EB0AB86A1BA7504000C81521 /* Water.mp3 */; };
		EB0AB8751BA7504000C81521 /* Wind.mp3 in Resources */ = {isa = PBXBuildFile; fileRef = EB0AB86B1BA7504000C81521 /* Wind.mp3 */; };
		EB0AB8811BA7506100C81521 /* OBShapedButton.m in Sources */ = {isa = PBXBuildFile; fileRef = EB0AB87C1BA7506100C81521 /* OBShapedButton.m */; };
		EB0AB8821BA7506100C81521 /* UIImage+ColorAtPixel.m in Sources */ = {isa = PBXBuildFile; fileRef = EB0AB87E1BA7506100C81521 /* UIImage+ColorAtPixel.m */; };
		EB5803141B5D32310096178B /* Main.storyboard in Resources */ = {isa = PBXBuildFile; fileRef = EB5803121B5D32310096178B /* Main.storyboard */; };
		EBBEAB141C9B467D00A1CA6F /* Crops.swift in Sources */ = {isa = PBXBuildFile; fileRef = EBBEAB131C9B467D00A1CA6F /* Crops.swift */; };
		EBBF43D51C0DE46200E10C2C /* MarketViewController.swift in Sources */ = {isa = PBXBuildFile; fileRef = EBBF43D41C0DE46200E10C2C /* MarketViewController.swift */; };
/* End PBXBuildFile section */

/* Begin PBXContainerItemProxy section */
		1DC5BB651A37AA4500F8DA6F /* PBXContainerItemProxy */ = {
			isa = PBXContainerItemProxy;
			containerPortal = 1DC5BB471A37AA4400F8DA6F /* Project object */;
			proxyType = 1;
			remoteGlobalIDString = 1DC5BB4E1A37AA4400F8DA6F;
			remoteInfo = BioFarm;
		};
/* End PBXContainerItemProxy section */

/* Begin PBXFileReference section */
		1DC5BB4F1A37AA4400F8DA6F /* BioFarm.app */ = {isa = PBXFileReference; explicitFileType = wrapper.application; includeInIndex = 0; path = BioFarm.app; sourceTree = BUILT_PRODUCTS_DIR; };
		1DC5BB531A37AA4400F8DA6F /* Info.plist */ = {isa = PBXFileReference; lastKnownFileType = text.plist.xml; name = Info.plist; path = ../Info.plist; sourceTree = "<group>"; };
		1DC5BB5B1A37AA4400F8DA6F /* Images.xcassets */ = {isa = PBXFileReference; lastKnownFileType = folder.assetcatalog; name = Images.xcassets; path = ../Images.xcassets; sourceTree = "<group>"; };
		1DC5BB5E1A37AA4400F8DA6F /* Base */ = {isa = PBXFileReference; lastKnownFileType = file.xib; name = Base; path = Base.lproj/LaunchScreen.xib; sourceTree = "<group>"; };
		1DC5BB641A37AA4500F8DA6F /* BioFarmTests.xctest */ = {isa = PBXFileReference; explicitFileType = wrapper.cfbundle; includeInIndex = 0; path = BioFarmTests.xctest; sourceTree = BUILT_PRODUCTS_DIR; };
		1DC5BB691A37AA4500F8DA6F /* Info.plist */ = {isa = PBXFileReference; lastKnownFileType = text.plist.xml; path = Info.plist; sourceTree = "<group>"; };
		1DC5BB6A1A37AA4500F8DA6F /* BioFarmTests.swift */ = {isa = PBXFileReference; lastKnownFileType = sourcecode.swift; path = BioFarmTests.swift; sourceTree = "<group>"; };
		EB0AB83D1BA7501400C81521 /* AppDelegate.swift */ = {isa = PBXFileReference; fileEncoding = 4; lastKnownFileType = sourcecode.swift; path = AppDelegate.swift; sourceTree = "<group>"; };
		EB0AB8401BA7502400C81521 /* Event.swift */ = {isa = PBXFileReference; fileEncoding = 4; lastKnownFileType = sourcecode.swift; path = Event.swift; sourceTree = "<group>"; };
		EB0AB8411BA7502400C81521 /* Farm.swift */ = {isa = PBXFileReference; fileEncoding = 4; lastKnownFileType = sourcecode.swift; path = Farm.swift; sourceTree = "<group>"; };
		EB0AB8421BA7502400C81521 /* Farm_JV.swift */ = {isa = PBXFileReference; fileEncoding = 4; lastKnownFileType = sourcecode.swift; path = Farm_JV.swift; sourceTree = "<group>"; };
		EB0AB8431BA7502400C81521 /* Land.swift */ = {isa = PBXFileReference; fileEncoding = 4; lastKnownFileType = sourcecode.swift; path = Land.swift; sourceTree = "<group>"; };
		EB0AB84B1BA7503600C81521 /* BarnInfoViewController.swift */ = {isa = PBXFileReference; fileEncoding = 4; lastKnownFileType = sourcecode.swift; path = BarnInfoViewController.swift; sourceTree = "<group>"; };
		EB0AB84C1BA7503600C81521 /* BuyViewController.swift */ = {isa = PBXFileReference; fileEncoding = 4; lastKnownFileType = sourcecode.swift; path = BuyViewController.swift; sourceTree = "<group>"; };
		EB0AB84D1BA7503600C81521 /* CropViewController.swift */ = {isa = PBXFileReference; fileEncoding = 4; lastKnownFileType = sourcecode.swift; path = CropViewController.swift; sourceTree = "<group>"; };
		EB0AB84E1BA7503600C81521 /* GameOverViewController.swift */ = {isa = PBXFileReference; fileEncoding = 4; lastKnownFileType = sourcecode.swift; path = GameOverViewController.swift; sourceTree = "<group>"; };
		EB0AB84F1BA7503600C81521 /* GameViewController.swift */ = {isa = PBXFileReference; fileEncoding = 4; lastKnownFileType = sourcecode.swift; path = GameViewController.swift; sourceTree = "<group>"; };
		EB0AB8501BA7503600C81521 /* GoalViewController.swift */ = {isa = PBXFileReference; fileEncoding = 4; lastKnownFileType = sourcecode.swift; path = GoalViewController.swift; sourceTree = "<group>"; };
		EB0AB8511BA7503600C81521 /* OptionsViewController.swift */ = {isa = PBXFileReference; fileEncoding = 4; lastKnownFileType = sourcecode.swift; path = OptionsViewController.swift; sourceTree = "<group>"; };
		EB0AB8521BA7503600C81521 /* ResultsTableViewController.swift */ = {isa = PBXFileReference; fileEncoding = 4; lastKnownFileType = sourcecode.swift; path = ResultsTableViewController.swift; sourceTree = "<group>"; };
		EB0AB8531BA7503600C81521 /* TheBarnViewController.swift */ = {isa = PBXFileReference; fileEncoding = 4; lastKnownFileType = sourcecode.swift; path = TheBarnViewController.swift; sourceTree = "<group>"; };
		EB0AB8541BA7503600C81521 /* ViewController.swift */ = {isa = PBXFileReference; fileEncoding = 4; lastKnownFileType = sourcecode.swift; path = ViewController.swift; sourceTree = "<group>"; };
		EB0AB8621BA7504000C81521 /* applause.mp3 */ = {isa = PBXFileReference; lastKnownFileType = audio.mp3; path = applause.mp3; sourceTree = "<group>"; };
		EB0AB8631BA7504000C81521 /* Bug.mp3 */ = {isa = PBXFileReference; lastKnownFileType = audio.mp3; path = Bug.mp3; sourceTree = "<group>"; };
		EB0AB8641BA7504000C81521 /* Car.mp3 */ = {isa = PBXFileReference; lastKnownFileType = audio.mp3; path = Car.mp3; sourceTree = "<group>"; };
		EB0AB8651BA7504000C81521 /* Drankin Song.mp3 */ = {isa = PBXFileReference; lastKnownFileType = audio.mp3; name = "Drankin Song.mp3"; path = "Sounds/Drankin Song.mp3"; sourceTree = "<group>"; };
		EB0AB8661BA7504000C81521 /* Fire.mp3 */ = {isa = PBXFileReference; lastKnownFileType = audio.mp3; path = Fire.mp3; sourceTree = "<group>"; };
		EB0AB8671BA7504000C81521 /* Sunset.mp3 */ = {isa = PBXFileReference; lastKnownFileType = audio.mp3; path = Sunset.mp3; sourceTree = "<group>"; };
		EB0AB8681BA7504000C81521 /* Tornado.mp3 */ = {isa = PBXFileReference; lastKnownFileType = audio.mp3; path = Tornado.mp3; sourceTree = "<group>"; };
		EB0AB8691BA7504000C81521 /* UFO.mp3 */ = {isa = PBXFileReference; lastKnownFileType = audio.mp3; path = UFO.mp3; sourceTree = "<group>"; };
		EB0AB86A1BA7504000C81521 /* Water.mp3 */ = {isa = PBXFileReference; lastKnownFileType = audio.mp3; path = Water.mp3; sourceTree = "<group>"; };
		EB0AB86B1BA7504000C81521 /* Wind.mp3 */ = {isa = PBXFileReference; lastKnownFileType = audio.mp3; path = Wind.mp3; sourceTree = "<group>"; };
		EB0AB87B1BA7506100C81521 /* OBShapedButton.h */ = {isa = PBXFileReference; fileEncoding = 4; lastKnownFileType = sourcecode.c.h; path = OBShapedButton.h; sourceTree = "<group>"; };
		EB0AB87C1BA7506100C81521 /* OBShapedButton.m */ = {isa = PBXFileReference; fileEncoding = 4; lastKnownFileType = sourcecode.c.objc; path = OBShapedButton.m; sourceTree = "<group>"; };
		EB0AB87D1BA7506100C81521 /* UIImage+ColorAtPixel.h */ = {isa = PBXFileReference; fileEncoding = 4; lastKnownFileType = sourcecode.c.h; path = "UIImage+ColorAtPixel.h"; sourceTree = "<group>"; };
		EB0AB87E1BA7506100C81521 /* UIImage+ColorAtPixel.m */ = {isa = PBXFileReference; fileEncoding = 4; lastKnownFileType = sourcecode.c.objc; path = "UIImage+ColorAtPixel.m"; sourceTree = "<group>"; };
		EB5803131B5D32310096178B /* Base */ = {isa = PBXFileReference; lastKnownFileType = file.storyboard; name = Base; path = Base.lproj/Main.storyboard; sourceTree = "<group>"; };
		EBBEAB131C9B467D00A1CA6F /* Crops.swift */ = {isa = PBXFileReference; fileEncoding = 4; lastKnownFileType = sourcecode.swift; path = Crops.swift; sourceTree = "<group>"; };
		EBBF43D41C0DE46200E10C2C /* MarketViewController.swift */ = {isa = PBXFileReference; fileEncoding = 4; lastKnownFileType = sourcecode.swift; path = MarketViewController.swift; sourceTree = "<group>"; };
/* End PBXFileReference section */

/* Begin PBXFrameworksBuildPhase section */
		1DC5BB4C1A37AA4400F8DA6F /* Frameworks */ = {
			isa = PBXFrameworksBuildPhase;
			buildActionMask = 2147483647;
			files = (
			);
			runOnlyForDeploymentPostprocessing = 0;
		};
		1DC5BB611A37AA4500F8DA6F /* Frameworks */ = {
			isa = PBXFrameworksBuildPhase;
			buildActionMask = 2147483647;
			files = (
			);
			runOnlyForDeploymentPostprocessing = 0;
		};
/* End PBXFrameworksBuildPhase section */

/* Begin PBXGroup section */
		1DC5BB461A37AA4400F8DA6F = {
			isa = PBXGroup;
			children = (
				1DC5BB511A37AA4400F8DA6F /* BioFarm */,
				1DC5BB671A37AA4500F8DA6F /* BioFarmTests */,
				1DC5BB501A37AA4400F8DA6F /* Products */,
			);
			sourceTree = "<group>";
		};
		1DC5BB501A37AA4400F8DA6F /* Products */ = {
			isa = PBXGroup;
			children = (
				1DC5BB4F1A37AA4400F8DA6F /* BioFarm.app */,
				1DC5BB641A37AA4500F8DA6F /* BioFarmTests.xctest */,
			);
			name = Products;
			sourceTree = "<group>";
		};
		1DC5BB511A37AA4400F8DA6F /* BioFarm */ = {
			isa = PBXGroup;
			children = (
				EB0AB8651BA7504000C81521 /* Drankin Song.mp3 */,
				EB0AB83C1BA7501400C81521 /* App Delegate */,
				EB0AB83F1BA7502400C81521 /* Model */,
				EB0AB8481BA7503600C81521 /* View Controllers */,
				EB5803121B5D32310096178B /* Main.storyboard */,
				EB0AB8611BA7504000C81521 /* Sounds */,
				EB0AB8831BA8904C00C81521 /* Resources */,
				EB0AB8771BA7506100C81521 /* ObjectiveC */,
			);
			path = BioFarm;
			sourceTree = "<group>";
		};
		1DC5BB671A37AA4500F8DA6F /* BioFarmTests */ = {
			isa = PBXGroup;
			children = (
				1DC5BB6A1A37AA4500F8DA6F /* BioFarmTests.swift */,
				1DC5BB681A37AA4500F8DA6F /* Supporting Files */,
			);
			path = BioFarmTests;
			sourceTree = "<group>";
		};
		1DC5BB681A37AA4500F8DA6F /* Supporting Files */ = {
			isa = PBXGroup;
			children = (
				1DC5BB691A37AA4500F8DA6F /* Info.plist */,
			);
			name = "Supporting Files";
			sourceTree = "<group>";
		};
		EB0AB83C1BA7501400C81521 /* App Delegate */ = {
			isa = PBXGroup;
			children = (
				EB0AB83D1BA7501400C81521 /* AppDelegate.swift */,
			);
			path = "App Delegate";
			sourceTree = "<group>";
		};
		EB0AB83F1BA7502400C81521 /* Model */ = {
			isa = PBXGroup;
			children = (
				EBBEAB131C9B467D00A1CA6F /* Crops.swift */,
				EB0AB8401BA7502400C81521 /* Event.swift */,
				EB0AB8411BA7502400C81521 /* Farm.swift */,
				EB0AB8421BA7502400C81521 /* Farm_JV.swift */,
				EB0AB8431BA7502400C81521 /* Land.swift */,
			);
			path = Model;
			sourceTree = "<group>";
		};
		EB0AB8481BA7503600C81521 /* View Controllers */ = {
			isa = PBXGroup;
			children = (
				EB0AB84B1BA7503600C81521 /* BarnInfoViewController.swift */,
				EB0AB84C1BA7503600C81521 /* BuyViewController.swift */,
				EB0AB84D1BA7503600C81521 /* CropViewController.swift */,
				EB0AB84E1BA7503600C81521 /* GameOverViewController.swift */,
				EB0AB84F1BA7503600C81521 /* GameViewController.swift */,
				EB0AB8501BA7503600C81521 /* GoalViewController.swift */,
				EB0AB8511BA7503600C81521 /* OptionsViewController.swift */,
				EB0AB8521BA7503600C81521 /* ResultsTableViewController.swift */,
				EB0AB8531BA7503600C81521 /* TheBarnViewController.swift */,
				EB0AB8541BA7503600C81521 /* ViewController.swift */,
				EBBF43D41C0DE46200E10C2C /* MarketViewController.swift */,
			);
			path = "View Controllers";
			sourceTree = "<group>";
		};
		EB0AB8611BA7504000C81521 /* Sounds */ = {
			isa = PBXGroup;
			children = (
				EB0AB86B1BA7504000C81521 /* Wind.mp3 */,
				EB0AB86A1BA7504000C81521 /* Water.mp3 */,
				EB0AB8691BA7504000C81521 /* UFO.mp3 */,
				EB0AB8681BA7504000C81521 /* Tornado.mp3 */,
				EB0AB8671BA7504000C81521 /* Sunset.mp3 */,
				EB0AB8661BA7504000C81521 /* Fire.mp3 */,
				EB0AB8641BA7504000C81521 /* Car.mp3 */,
				EB0AB8631BA7504000C81521 /* Bug.mp3 */,
				EB0AB8621BA7504000C81521 /* applause.mp3 */,
			);
			path = Sounds;
			sourceTree = "<group>";
		};
		EB0AB8771BA7506100C81521 /* ObjectiveC */ = {
			isa = PBXGroup;
			children = (
				EB0AB87B1BA7506100C81521 /* OBShapedButton.h */,
				EB0AB87C1BA7506100C81521 /* OBShapedButton.m */,
				EB0AB87D1BA7506100C81521 /* UIImage+ColorAtPixel.h */,
				EB0AB87E1BA7506100C81521 /* UIImage+ColorAtPixel.m */,
			);
			path = ObjectiveC;
			sourceTree = "<group>";
		};
		EB0AB8831BA8904C00C81521 /* Resources */ = {
			isa = PBXGroup;
			children = (
				1DC5BB531A37AA4400F8DA6F /* Info.plist */,
				1DC5BB5B1A37AA4400F8DA6F /* Images.xcassets */,
				1DC5BB5D1A37AA4400F8DA6F /* LaunchScreen.xib */,
			);
			name = Resources;
			path = Sounds;
			sourceTree = "<group>";
		};
/* End PBXGroup section */

/* Begin PBXNativeTarget section */
		1DC5BB4E1A37AA4400F8DA6F /* BioFarm */ = {
			isa = PBXNativeTarget;
			buildConfigurationList = 1DC5BB6E1A37AA4500F8DA6F /* Build configuration list for PBXNativeTarget "BioFarm" */;
			buildPhases = (
				1DC5BB4B1A37AA4400F8DA6F /* Sources */,
				1DC5BB4C1A37AA4400F8DA6F /* Frameworks */,
				1DC5BB4D1A37AA4400F8DA6F /* Resources */,
			);
			buildRules = (
			);
			dependencies = (
			);
			name = BioFarm;
			productName = BioFarm;
			productReference = 1DC5BB4F1A37AA4400F8DA6F /* BioFarm.app */;
			productType = "com.apple.product-type.application";
		};
		1DC5BB631A37AA4500F8DA6F /* BioFarmTests */ = {
			isa = PBXNativeTarget;
			buildConfigurationList = 1DC5BB711A37AA4500F8DA6F /* Build configuration list for PBXNativeTarget "BioFarmTests" */;
			buildPhases = (
				1DC5BB601A37AA4500F8DA6F /* Sources */,
				1DC5BB611A37AA4500F8DA6F /* Frameworks */,
				1DC5BB621A37AA4500F8DA6F /* Resources */,
			);
			buildRules = (
			);
			dependencies = (
				1DC5BB661A37AA4500F8DA6F /* PBXTargetDependency */,
			);
			name = BioFarmTests;
			productName = BioFarmTests;
			productReference = 1DC5BB641A37AA4500F8DA6F /* BioFarmTests.xctest */;
			productType = "com.apple.product-type.bundle.unit-test";
		};
/* End PBXNativeTarget section */

/* Begin PBXProject section */
		1DC5BB471A37AA4400F8DA6F /* Project object */ = {
			isa = PBXProject;
			attributes = {
				LastSwiftUpdateCheck = 0710;
				LastUpgradeCheck = 0610;
				TargetAttributes = {
					1DC5BB4E1A37AA4400F8DA6F = {
						CreatedOnToolsVersion = 6.1;
						DevelopmentTeam = XVCC923LJX;
					};
					1DC5BB631A37AA4500F8DA6F = {
						CreatedOnToolsVersion = 6.1;
						TestTargetID = 1DC5BB4E1A37AA4400F8DA6F;
					};
				};
			};
			buildConfigurationList = 1DC5BB4A1A37AA4400F8DA6F /* Build configuration list for PBXProject "BioFarm" */;
			compatibilityVersion = "Xcode 3.2";
			developmentRegion = English;
			hasScannedForEncodings = 0;
			knownRegions = (
				en,
				Base,
			);
			mainGroup = 1DC5BB461A37AA4400F8DA6F;
			productRefGroup = 1DC5BB501A37AA4400F8DA6F /* Products */;
			projectDirPath = "";
			projectRoot = "";
			targets = (
				1DC5BB4E1A37AA4400F8DA6F /* BioFarm */,
				1DC5BB631A37AA4500F8DA6F /* BioFarmTests */,
			);
		};
/* End PBXProject section */

/* Begin PBXResourcesBuildPhase section */
		1DC5BB4D1A37AA4400F8DA6F /* Resources */ = {
			isa = PBXResourcesBuildPhase;
			buildActionMask = 2147483647;
			files = (
				EB0AB86D1BA7504000C81521 /* Bug.mp3 in Resources */,
				EB0AB8731BA7504000C81521 /* UFO.mp3 in Resources */,
				EB0AB86F1BA7504000C81521 /* Drankin Song.mp3 in Resources */,
				EB0AB8721BA7504000C81521 /* Tornado.mp3 in Resources */,
				1DC5BB5F1A37AA4400F8DA6F /* LaunchScreen.xib in Resources */,
				EB0AB86C1BA7504000C81521 /* applause.mp3 in Resources */,
				EB0AB8741BA7504000C81521 /* Water.mp3 in Resources */,
				EB0AB8701BA7504000C81521 /* Fire.mp3 in Resources */,
				EB0AB86E1BA7504000C81521 /* Car.mp3 in Resources */,
				EB5803141B5D32310096178B /* Main.storyboard in Resources */,
				EB0AB8711BA7504000C81521 /* Sunset.mp3 in Resources */,
				EB0AB8751BA7504000C81521 /* Wind.mp3 in Resources */,
				1DC5BB5C1A37AA4400F8DA6F /* Images.xcassets in Resources */,
			);
			runOnlyForDeploymentPostprocessing = 0;
		};
		1DC5BB621A37AA4500F8DA6F /* Resources */ = {
			isa = PBXResourcesBuildPhase;
			buildActionMask = 2147483647;
			files = (
			);
			runOnlyForDeploymentPostprocessing = 0;
		};
/* End PBXResourcesBuildPhase section */

/* Begin PBXSourcesBuildPhase section */
		1DC5BB4B1A37AA4400F8DA6F /* Sources */ = {
			isa = PBXSourcesBuildPhase;
			buildActionMask = 2147483647;
			files = (
				EB0AB8471BA7502400C81521 /* Land.swift in Sources */,
				EB0AB8581BA7503600C81521 /* BuyViewController.swift in Sources */,
				EB0AB85D1BA7503600C81521 /* OptionsViewController.swift in Sources */,
				EB0AB85C1BA7503600C81521 /* GoalViewController.swift in Sources */,
				EB0AB8451BA7502400C81521 /* Farm.swift in Sources */,
				EB0AB85B1BA7503600C81521 /* GameViewController.swift in Sources */,
				EB0AB8821BA7506100C81521 /* UIImage+ColorAtPixel.m in Sources */,
				EB0AB8811BA7506100C81521 /* OBShapedButton.m in Sources */,
				EB0AB8461BA7502400C81521 /* Farm_JV.swift in Sources */,
				EBBEAB141C9B467D00A1CA6F /* Crops.swift in Sources */,
				EB0AB8601BA7503600C81521 /* ViewController.swift in Sources */,
				EBBF43D51C0DE46200E10C2C /* MarketViewController.swift in Sources */,
				EB0AB85F1BA7503600C81521 /* TheBarnViewController.swift in Sources */,
				EB0AB85E1BA7503600C81521 /* ResultsTableViewController.swift in Sources */,
				EB0AB8591BA7503600C81521 /* CropViewController.swift in Sources */,
				EB0AB85A1BA7503600C81521 /* GameOverViewController.swift in Sources */,
				EB0AB8571BA7503600C81521 /* BarnInfoViewController.swift in Sources */,
				EB0AB8441BA7502400C81521 /* Event.swift in Sources */,
				EB0AB83E1BA7501400C81521 /* AppDelegate.swift in Sources */,
			);
			runOnlyForDeploymentPostprocessing = 0;
		};
		1DC5BB601A37AA4500F8DA6F /* Sources */ = {
			isa = PBXSourcesBuildPhase;
			buildActionMask = 2147483647;
			files = (
				1DC5BB6B1A37AA4500F8DA6F /* BioFarmTests.swift in Sources */,
			);
			runOnlyForDeploymentPostprocessing = 0;
		};
/* End PBXSourcesBuildPhase section */

/* Begin PBXTargetDependency section */
		1DC5BB661A37AA4500F8DA6F /* PBXTargetDependency */ = {
			isa = PBXTargetDependency;
			target = 1DC5BB4E1A37AA4400F8DA6F /* BioFarm */;
			targetProxy = 1DC5BB651A37AA4500F8DA6F /* PBXContainerItemProxy */;
		};
/* End PBXTargetDependency section */

/* Begin PBXVariantGroup section */
		1DC5BB5D1A37AA4400F8DA6F /* LaunchScreen.xib */ = {
			isa = PBXVariantGroup;
			children = (
				1DC5BB5E1A37AA4400F8DA6F /* Base */,
			);
			name = LaunchScreen.xib;
			path = ..;
			sourceTree = "<group>";
		};
		EB5803121B5D32310096178B /* Main.storyboard */ = {
			isa = PBXVariantGroup;
			children = (
				EB5803131B5D32310096178B /* Base */,
			);
			name = Main.storyboard;
			sourceTree = "<group>";
		};
/* End PBXVariantGroup section */

/* Begin XCBuildConfiguration section */
		1DC5BB6C1A37AA4500F8DA6F /* Debug */ = {
			isa = XCBuildConfiguration;
			buildSettings = {
				ALWAYS_SEARCH_USER_PATHS = NO;
				CLANG_CXX_LANGUAGE_STANDARD = "gnu++0x";
				CLANG_CXX_LIBRARY = "libc++";
				CLANG_ENABLE_MODULES = YES;
				CLANG_ENABLE_OBJC_ARC = YES;
				CLANG_WARN_BOOL_CONVERSION = YES;
				CLANG_WARN_CONSTANT_CONVERSION = YES;
				CLANG_WARN_DIRECT_OBJC_ISA_USAGE = YES_ERROR;
				CLANG_WARN_EMPTY_BODY = YES;
				CLANG_WARN_ENUM_CONVERSION = YES;
				CLANG_WARN_INT_CONVERSION = YES;
				CLANG_WARN_OBJC_ROOT_CLASS = YES_ERROR;
				CLANG_WARN_UNREACHABLE_CODE = YES;
				CLANG_WARN__DUPLICATE_METHOD_MATCH = YES;
				"CODE_SIGN_IDENTITY[sdk=iphoneos*]" = "iPhone Developer";
				COPY_PHASE_STRIP = NO;
				ENABLE_STRICT_OBJC_MSGSEND = YES;
				GCC_C_LANGUAGE_STANDARD = gnu99;
				GCC_DYNAMIC_NO_PIC = NO;
				GCC_OPTIMIZATION_LEVEL = 0;
				GCC_PREPROCESSOR_DEFINITIONS = (
					"DEBUG=1",
					"$(inherited)",
				);
				GCC_SYMBOLS_PRIVATE_EXTERN = NO;
				GCC_WARN_64_TO_32_BIT_CONVERSION = YES;
				GCC_WARN_ABOUT_RETURN_TYPE = YES_ERROR;
				GCC_WARN_UNDECLARED_SELECTOR = YES;
				GCC_WARN_UNINITIALIZED_AUTOS = YES_AGGRESSIVE;
				GCC_WARN_UNUSED_FUNCTION = YES;
				GCC_WARN_UNUSED_VARIABLE = YES;
				IPHONEOS_DEPLOYMENT_TARGET = 8.1;
				MTL_ENABLE_DEBUG_INFO = YES;
				ONLY_ACTIVE_ARCH = YES;
				SDKROOT = iphoneos;
				SWIFT_OPTIMIZATION_LEVEL = "-Onone";
				TARGETED_DEVICE_FAMILY = 2;
			};
			name = Debug;
		};
		1DC5BB6D1A37AA4500F8DA6F /* Release */ = {
			isa = XCBuildConfiguration;
			buildSettings = {
				ALWAYS_SEARCH_USER_PATHS = NO;
				CLANG_CXX_LANGUAGE_STANDARD = "gnu++0x";
				CLANG_CXX_LIBRARY = "libc++";
				CLANG_ENABLE_MODULES = YES;
				CLANG_ENABLE_OBJC_ARC = YES;
				CLANG_WARN_BOOL_CONVERSION = YES;
				CLANG_WARN_CONSTANT_CONVERSION = YES;
				CLANG_WARN_DIRECT_OBJC_ISA_USAGE = YES_ERROR;
				CLANG_WARN_EMPTY_BODY = YES;
				CLANG_WARN_ENUM_CONVERSION = YES;
				CLANG_WARN_INT_CONVERSION = YES;
				CLANG_WARN_OBJC_ROOT_CLASS = YES_ERROR;
				CLANG_WARN_UNREACHABLE_CODE = YES;
				CLANG_WARN__DUPLICATE_METHOD_MATCH = YES;
				"CODE_SIGN_IDENTITY[sdk=iphoneos*]" = "iPhone Developer";
				COPY_PHASE_STRIP = YES;
				ENABLE_NS_ASSERTIONS = NO;
				ENABLE_STRICT_OBJC_MSGSEND = YES;
				GCC_C_LANGUAGE_STANDARD = gnu99;
				GCC_WARN_64_TO_32_BIT_CONVERSION = YES;
				GCC_WARN_ABOUT_RETURN_TYPE = YES_ERROR;
				GCC_WARN_UNDECLARED_SELECTOR = YES;
				GCC_WARN_UNINITIALIZED_AUTOS = YES_AGGRESSIVE;
				GCC_WARN_UNUSED_FUNCTION = YES;
				GCC_WARN_UNUSED_VARIABLE = YES;
				IPHONEOS_DEPLOYMENT_TARGET = 8.1;
				MTL_ENABLE_DEBUG_INFO = NO;
				SDKROOT = iphoneos;
				TARGETED_DEVICE_FAMILY = 2;
				VALIDATE_PRODUCT = YES;
			};
			name = Release;
		};
		1DC5BB6F1A37AA4500F8DA6F /* Debug */ = {
			isa = XCBuildConfiguration;
			buildSettings = {
				ASSETCATALOG_COMPILER_APPICON_NAME = AppIcon;
				CLANG_ENABLE_MODULES = YES;
				CODE_SIGN_IDENTITY = "iPhone Distribution";
				"CODE_SIGN_IDENTITY[sdk=iphoneos*]" = "iPhone Distribution";
				INFOPLIST_FILE = BioFarm/Info.plist;
				IPHONEOS_DEPLOYMENT_TARGET = 8.0;
				LD_RUNPATH_SEARCH_PATHS = "$(inherited) @executable_path/Frameworks";
				PRODUCT_NAME = "$(TARGET_NAME)";
				PROVISIONING_PROFILE = "";
				SWIFT_OBJC_BRIDGING_HEADER = "BioFarm/BioFarm-Bridging-Header.h";
				SWIFT_OPTIMIZATION_LEVEL = "-Onone";
				TARGETED_DEVICE_FAMILY = 2;
			};
			name = Debug;
		};
		1DC5BB701A37AA4500F8DA6F /* Release */ = {
			isa = XCBuildConfiguration;
			buildSettings = {
				ASSETCATALOG_COMPILER_APPICON_NAME = AppIcon;
				CLANG_ENABLE_MODULES = YES;
				CODE_SIGN_IDENTITY = "iPhone Distribution";
				"CODE_SIGN_IDENTITY[sdk=iphoneos*]" = "iPhone Distribution";
				INFOPLIST_FILE = BioFarm/Info.plist;
				IPHONEOS_DEPLOYMENT_TARGET = 8.0;
				LD_RUNPATH_SEARCH_PATHS = "$(inherited) @executable_path/Frameworks";
				PRODUCT_NAME = "$(TARGET_NAME)";
				PROVISIONING_PROFILE = "";
				SWIFT_OBJC_BRIDGING_HEADER = "BioFarm/BioFarm-Bridging-Header.h";
				TARGETED_DEVICE_FAMILY = 2;
			};
			name = Release;
		};
		1DC5BB721A37AA4500F8DA6F /* Debug */ = {
			isa = XCBuildConfiguration;
			buildSettings = {
				BUNDLE_LOADER = "$(TEST_HOST)";
				FRAMEWORK_SEARCH_PATHS = (
					"$(SDKROOT)/Developer/Library/Frameworks",
					"$(inherited)",
				);
				GCC_PREPROCESSOR_DEFINITIONS = (
					"DEBUG=1",
					"$(inherited)",
				);
				INFOPLIST_FILE = BioFarmTests/Info.plist;
				LD_RUNPATH_SEARCH_PATHS = "$(inherited) @executable_path/Frameworks @loader_path/Frameworks";
				PRODUCT_NAME = "$(TARGET_NAME)";
				TEST_HOST = "$(BUILT_PRODUCTS_DIR)/BioFarm.app/BioFarm";
			};
			name = Debug;
		};
		1DC5BB731A37AA4500F8DA6F /* Release */ = {
			isa = XCBuildConfiguration;
			buildSettings = {
				BUNDLE_LOADER = "$(TEST_HOST)";
				FRAMEWORK_SEARCH_PATHS = (
					"$(SDKROOT)/Developer/Library/Frameworks",
					"$(inherited)",
				);
				INFOPLIST_FILE = BioFarmTests/Info.plist;
				LD_RUNPATH_SEARCH_PATHS = "$(inherited) @executable_path/Frameworks @loader_path/Frameworks";
				PRODUCT_NAME = "$(TARGET_NAME)";
				TEST_HOST = "$(BUILT_PRODUCTS_DIR)/BioFarm.app/BioFarm";
			};
			name = Release;
		};
/* End XCBuildConfiguration section */

/* Begin XCConfigurationList section */
		1DC5BB4A1A37AA4400F8DA6F /* Build configuration list for PBXProject "BioFarm" */ = {
			isa = XCConfigurationList;
			buildConfigurations = (
				1DC5BB6C1A37AA4500F8DA6F /* Debug */,
				1DC5BB6D1A37AA4500F8DA6F /* Release */,
			);
			defaultConfigurationIsVisible = 0;
			defaultConfigurationName = Release;
		};
		1DC5BB6E1A37AA4500F8DA6F /* Build configuration list for PBXNativeTarget "BioFarm" */ = {
			isa = XCConfigurationList;
			buildConfigurations = (
				1DC5BB6F1A37AA4500F8DA6F /* Debug */,
				1DC5BB701A37AA4500F8DA6F /* Release */,
			);
			defaultConfigurationIsVisible = 0;
			defaultConfigurationName = Release;
		};
		1DC5BB711A37AA4500F8DA6F /* Build configuration list for PBXNativeTarget "BioFarmTests" */ = {
			isa = XCConfigurationList;
			buildConfigurations = (
				1DC5BB721A37AA4500F8DA6F /* Debug */,
				1DC5BB731A37AA4500F8DA6F /* Release */,
			);
			defaultConfigurationIsVisible = 0;
			defaultConfigurationName = Release;
		};
/* End XCConfigurationList section */
	};
	rootObject = 1DC5BB471A37AA4400F8DA6F /* Project object */;
}
